
Microsoft Visual Studio Solution File, Format Version 12.00
# Visual Studio Version 16
VisualStudioVersion = 16.0.29215.179
MinimumVisualStudioVersion = 10.0.40219.1
Project("{FAE04EC0-301F-11D3-BF4B-00C04F79EFBC}") = "SimpleComicReader", "SimpleComicReader\SimpleComicReader.csproj", "{E5BB7F4C-F3FC-4225-80DF-77DB16ECABE8}"
EndProject
Project("{C7167F0D-BC9F-4E6E-AFE1-012C56B48DB5}") = "SimpleComicReaderApp", "SimpleComicReaderApp\SimpleComicReaderApp.wapproj", "{A65554B6-3A4A-4B93-9BD3-366C693E703F}"
EndProject
Global
	GlobalSection(SolutionConfigurationPlatforms) = preSolution
		Debug|Any CPU = Debug|Any CPU
		Debug|ARM = Debug|ARM
		Debug|ARM64 = Debug|ARM64
		Debug|x64 = Debug|x64
		Debug|x86 = Debug|x86
		Release|Any CPU = Release|Any CPU
		Release|ARM = Release|ARM
		Release|ARM64 = Release|ARM64
		Release|x64 = Release|x64
		Release|x86 = Release|x86
	EndGlobalSection
	GlobalSection(ProjectConfigurationPlatforms) = postSolution
		{E5BB7F4C-F3FC-4225-80DF-77DB16ECABE8}.Debug|Any CPU.ActiveCfg = Debug|Any CPU
		{E5BB7F4C-F3FC-4225-80DF-77DB16ECABE8}.Debug|Any CPU.Build.0 = Debug|Any CPU
		{E5BB7F4C-F3FC-4225-80DF-77DB16ECABE8}.Debug|ARM.ActiveCfg = Debug|Any CPU
		{E5BB7F4C-F3FC-4225-80DF-77DB16ECABE8}.Debug|ARM.Build.0 = Debug|Any CPU
		{E5BB7F4C-F3FC-4225-80DF-77DB16ECABE8}.Debug|ARM64.ActiveCfg = Debug|Any CPU
		{E5BB7F4C-F3FC-4225-80DF-77DB16ECABE8}.Debug|ARM64.Build.0 = Debug|Any CPU
		{E5BB7F4C-F3FC-4225-80DF-77DB16ECABE8}.Debug|x64.ActiveCfg = Debug|Any CPU
		{E5BB7F4C-F3FC-4225-80DF-77DB16ECABE8}.Debug|x64.Build.0 = Debug|Any CPU
		{E5BB7F4C-F3FC-4225-80DF-77DB16ECABE8}.Debug|x86.ActiveCfg = Debug|Any CPU
		{E5BB7F4C-F3FC-4225-80DF-77DB16ECABE8}.Debug|x86.Build.0 = Debug|Any CPU
		{E5BB7F4C-F3FC-4225-80DF-77DB16ECABE8}.Release|Any CPU.ActiveCfg = Release|Any CPU
		{E5BB7F4C-F3FC-4225-80DF-77DB16ECABE8}.Release|Any CPU.Build.0 = Release|Any CPU
		{E5BB7F4C-F3FC-4225-80DF-77DB16ECABE8}.Release|ARM.ActiveCfg = Release|Any CPU
		{E5BB7F4C-F3FC-4225-80DF-77DB16ECABE8}.Release|ARM.Build.0 = Release|Any CPU
		{E5BB7F4C-F3FC-4225-80DF-77DB16ECABE8}.Release|ARM64.ActiveCfg = Release|Any CPU
		{E5BB7F4C-F3FC-4225-80DF-77DB16ECABE8}.Release|ARM64.Build.0 = Release|Any CPU
		{E5BB7F4C-F3FC-4225-80DF-77DB16ECABE8}.Release|x64.ActiveCfg = Release|Any CPU
		{E5BB7F4C-F3FC-4225-80DF-77DB16ECABE8}.Release|x64.Build.0 = Release|Any CPU
		{E5BB7F4C-F3FC-4225-80DF-77DB16ECABE8}.Release|x86.ActiveCfg = Release|Any CPU
		{E5BB7F4C-F3FC-4225-80DF-77DB16ECABE8}.Release|x86.Build.0 = Release|Any CPU
		{A65554B6-3A4A-4B93-9BD3-366C693E703F}.Debug|Any CPU.ActiveCfg = Debug|Any CPU
		{A65554B6-3A4A-4B93-9BD3-366C693E703F}.Debug|Any CPU.Build.0 = Debug|Any CPU
		{A65554B6-3A4A-4B93-9BD3-366C693E703F}.Debug|Any CPU.Deploy.0 = Debug|Any CPU
		{A65554B6-3A4A-4B93-9BD3-366C693E703F}.Debug|ARM.ActiveCfg = Debug|ARM
		{A65554B6-3A4A-4B93-9BD3-366C693E703F}.Debug|ARM.Build.0 = Debug|ARM
		{A65554B6-3A4A-4B93-9BD3-366C693E703F}.Debug|ARM.Deploy.0 = Debug|ARM
		{A65554B6-3A4A-4B93-9BD3-366C693E703F}.Debug|ARM64.ActiveCfg = Debug|ARM64
		{A65554B6-3A4A-4B93-9BD3-366C693E703F}.Debug|ARM64.Build.0 = Debug|ARM64
		{A65554B6-3A4A-4B93-9BD3-366C693E703F}.Debug|ARM64.Deploy.0 = Debug|ARM64
		{A65554B6-3A4A-4B93-9BD3-366C693E703F}.Debug|x64.ActiveCfg = Debug|x64
		{A65554B6-3A4A-4B93-9BD3-366C693E703F}.Debug|x64.Build.0 = Debug|x64
		{A65554B6-3A4A-4B93-9BD3-366C693E703F}.Debug|x64.Deploy.0 = Debug|x64
		{A65554B6-3A4A-4B93-9BD3-366C693E703F}.Debug|x86.ActiveCfg = Debug|x86
		{A65554B6-3A4A-4B93-9BD3-366C693E703F}.Debug|x86.Build.0 = Debug|x86
		{A65554B6-3A4A-4B93-9BD3-366C693E703F}.Debug|x86.Deploy.0 = Debug|x86
		{A65554B6-3A4A-4B93-9BD3-366C693E703F}.Release|Any CPU.ActiveCfg = Release|Any CPU
		{A65554B6-3A4A-4B93-9BD3-366C693E703F}.Release|Any CPU.Build.0 = Release|Any CPU
		{A65554B6-3A4A-4B93-9BD3-366C693E703F}.Release|Any CPU.Deploy.0 = Release|Any CPU
		{A65554B6-3A4A-4B93-9BD3-366C693E703F}.Release|ARM.ActiveCfg = Release|ARM
		{A65554B6-3A4A-4B93-9BD3-366C693E703F}.Release|ARM.Build.0 = Release|ARM
		{A65554B6-3A4A-4B93-9BD3-366C693E703F}.Release|ARM.Deploy.0 = Release|ARM
		{A65554B6-3A4A-4B93-9BD3-366C693E703F}.Release|ARM64.ActiveCfg = Release|ARM64
		{A65554B6-3A4A-4B93-9BD3-366C693E703F}.Release|ARM64.Build.0 = Release|ARM64
		{A65554B6-3A4A-4B93-9BD3-366C693E703F}.Release|ARM64.Deploy.0 = Release|ARM64
		{A65554B6-3A4A-4B93-9BD3-366C693E703F}.Release|x64.ActiveCfg = Release|x64
		{A65554B6-3A4A-4B93-9BD3-366C693E703F}.Release|x64.Build.0 = Release|x64
		{A65554B6-3A4A-4B93-9BD3-366C693E703F}.Release|x64.Deploy.0 = Release|x64
		{A65554B6-3A4A-4B93-9BD3-366C693E703F}.Release|x86.ActiveCfg = Release|x86
		{A65554B6-3A4A-4B93-9BD3-366C693E703F}.Release|x86.Build.0 = Release|x86
		{A65554B6-3A4A-4B93-9BD3-366C693E703F}.Release|x86.Deploy.0 = Release|x86
	EndGlobalSection
	GlobalSection(SolutionProperties) = preSolution
		HideSolutionNode = FALSE
	EndGlobalSection
	GlobalSection(ExtensibilityGlobals) = postSolution
		SolutionGuid = {7B613A7B-F3AF-4D9C-B972-F018D76CF296}
	EndGlobalSection
EndGlobal
